# THIS IS AN AUTOGENERATED FILE. DO NOT EDIT THIS FILE DIRECTLY.
# yarn lockfile v1


bootstrap-validator@^0.11.9:
  version "0.11.9"
  resolved "https://registry.yarnpkg.com/bootstrap-validator/-/bootstrap-validator-0.11.9.tgz#fb7058eef53623e78f5aa7967026f98f875a9404"

bootstrap@^3.3.7:
  version "3.3.7"
  resolved "https://registry.yarnpkg.com/bootstrap/-/bootstrap-3.3.7.tgz#5a389394549f23330875a3b150656574f8a9eb71"

bootstrap@^4.0.0-beta:
  version "4.0.0-beta"
  resolved "https://registry.yarnpkg.com/bootstrap/-/bootstrap-4.0.0-beta.tgz#dc5928175d2e71310bc668cf9e05a907211b72a6"

jquery@^2.2.4:
  version "2.2.4"
  resolved "https://registry.yarnpkg.com/jquery/-/jquery-2.2.4.tgz#2c89d6889b5eac522a7eea32c14521559c6cbf02"

jquery@^3.2.1:
  version "3.2.1"
  resolved "https://registry.yarnpkg.com/jquery/-/jquery-3.2.1.tgz#5c4d9de652af6cd0a770154a631bba12b015c787"

open-iconic@^1.1.1:
  version "1.1.1"
  resolved "https://registry.yarnpkg.com/open-iconic/-/open-iconic-1.1.1.tgz#9dcfc8c7cd3c61cdb4a236b1a347894c97adc0c6"

popper.js@^1.12.0:
  version "1.12.1"
  resolved "https://registry.yarnpkg.com/popper.js/-/popper.js-1.12.1.tgz#623f3c6124ffbc065c39c100b223d6bd4b659303"

summernote@^0.8.7:
  version "0.8.7"
  resolved "https://registry.yarnpkg.com/summernote/-/summernote-0.8.7.tgz#20178dcd918593a02840262590f3cbd3e4801467"
  dependencies:
    bootstrap "^3.3.7"
    jquery "^2.2.4"
